// !$*UTF8*$!
{
	archiveVersion = 1;
	classes = {
	};
	objectVersion = 55;
	objects = {

/* Begin PBXBuildFile section */
		5E54CB0027B308A8006E035E /* AppDelegate.swift in Sources */ = {isa = PBXBuildFile; fileRef = 5E54CAFF27B308A8006E035E /* AppDelegate.swift */; };
		5E54CB0227B308A8006E035E /* SceneDelegate.swift in Sources */ = {isa = PBXBuildFile; fileRef = 5E54CB0127B308A8006E035E /* SceneDelegate.swift */; };
		5E54CB0427B308A8006E035E /* SignInVC.swift in Sources */ = {isa = PBXBuildFile; fileRef = 5E54CB0327B308A8006E035E /* SignInVC.swift */; };
		5E54CB0727B308A8006E035E /* Main.storyboard in Resources */ = {isa = PBXBuildFile; fileRef = 5E54CB0527B308A8006E035E /* Main.storyboard */; };
		5E54CB0927B308AA006E035E /* Assets.xcassets in Resources */ = {isa = PBXBuildFile; fileRef = 5E54CB0827B308AA006E035E /* Assets.xcassets */; };
		5E54CB0C27B308AA006E035E /* LaunchScreen.storyboard in Resources */ = {isa = PBXBuildFile; fileRef = 5E54CB0A27B308AA006E035E /* LaunchScreen.storyboard */; };
		5E54CB1427B309BB006E035E /* GoogleService-Info.plist in Resources */ = {isa = PBXBuildFile; fileRef = 5E54CB1327B309BB006E035E /* GoogleService-Info.plist */; };
		5E54CB1A27B31133006E035E /* FirebaseAnalytics in Frameworks */ = {isa = PBXBuildFile; productRef = 5E54CB1927B31133006E035E /* FirebaseAnalytics */; };
		5E54CB1C27B31133006E035E /* FirebaseAuth in Frameworks */ = {isa = PBXBuildFile; productRef = 5E54CB1B27B31133006E035E /* FirebaseAuth */; };
		5E54CB1E27B31133006E035E /* FirebaseDatabase in Frameworks */ = {isa = PBXBuildFile; productRef = 5E54CB1D27B31133006E035E /* FirebaseDatabase */; };
		5E54CB2027B31133006E035E /* FirebaseFirestore in Frameworks */ = {isa = PBXBuildFile; productRef = 5E54CB1F27B31133006E035E /* FirebaseFirestore */; };
		5E54CB2227B31133006E035E /* FirebaseStorage in Frameworks */ = {isa = PBXBuildFile; productRef = 5E54CB2127B31133006E035E /* FirebaseStorage */; };
		5E54CB2427B3C624006E035E /* FeedVC.swift in Sources */ = {isa = PBXBuildFile; fileRef = 5E54CB2327B3C624006E035E /* FeedVC.swift */; };
		5E54CB2627B3C630006E035E /* UploadVc.swift in Sources */ = {isa = PBXBuildFile; fileRef = 5E54CB2527B3C630006E035E /* UploadVc.swift */; };
		5E54CB2827B3C644006E035E /* SettingsVC.swift in Sources */ = {isa = PBXBuildFile; fileRef = 5E54CB2727B3C644006E035E /* SettingsVC.swift */; };
		5E54CB2C27B3CA89006E035E /* SnapVC.swift in Sources */ = {isa = PBXBuildFile; fileRef = 5E54CB2B27B3CA89006E035E /* SnapVC.swift */; };
		5E54CB2F27B44741006E035E /* UserSingleton.swift in Sources */ = {isa = PBXBuildFile; fileRef = 5E54CB2E27B44741006E035E /* UserSingleton.swift */; };
		5E54CB3127B524F9006E035E /* FeedTableCell.swift in Sources */ = {isa = PBXBuildFile; fileRef = 5E54CB3027B524F9006E035E /* FeedTableCell.swift */; };
		5E54CB3327B528D6006E035E /* Snap.swift in Sources */ = {isa = PBXBuildFile; fileRef = 5E54CB3227B528D6006E035E /* Snap.swift */; };
/* End PBXBuildFile section */

/* Begin PBXFileReference section */
		5E54CAFC27B308A8006E035E /* SnapChatClone.app */ = {isa = PBXFileReference; explicitFileType = wrapper.application; includeInIndex = 0; path = SnapChatClone.app; sourceTree = BUILT_PRODUCTS_DIR; };
		5E54CAFF27B308A8006E035E /* AppDelegate.swift */ = {isa = PBXFileReference; lastKnownFileType = sourcecode.swift; path = AppDelegate.swift; sourceTree = "<group>"; };
		5E54CB0127B308A8006E035E /* SceneDelegate.swift */ = {isa = PBXFileReference; lastKnownFileType = sourcecode.swift; path = SceneDelegate.swift; sourceTree = "<group>"; };
		5E54CB0327B308A8006E035E /* SignInVC.swift */ = {isa = PBXFileReference; lastKnownFileType = sourcecode.swift; path = SignInVC.swift; sourceTree = "<group>"; };
		5E54CB0627B308A8006E035E /* Base */ = {isa = PBXFileReference; lastKnownFileType = file.storyboard; name = Base; path = Base.lproj/Main.storyboard; sourceTree = "<group>"; };
		5E54CB0827B308AA006E035E /* Assets.xcassets */ = {isa = PBXFileReference; lastKnownFileType = folder.assetcatalog; path = Assets.xcassets; sourceTree = "<group>"; };
		5E54CB0B27B308AA006E035E /* Base */ = {isa = PBXFileReference; lastKnownFileType = file.storyboard; name = Base; path = Base.lproj/LaunchScreen.storyboard; sourceTree = "<group>"; };
		5E54CB0D27B308AA006E035E /* Info.plist */ = {isa = PBXFileReference; lastKnownFileType = text.plist.xml; path = Info.plist; sourceTree = "<group>"; };
		5E54CB1327B309BB006E035E /* GoogleService-Info.plist */ = {isa = PBXFileReference; fileEncoding = 4; lastKnownFileType = text.plist.xml; path = "GoogleService-Info.plist"; sourceTree = "<group>"; };
		5E54CB2327B3C624006E035E /* FeedVC.swift */ = {isa = PBXFileReference; lastKnownFileType = sourcecode.swift; path = FeedVC.swift; sourceTree = "<group>"; };
		5E54CB2527B3C630006E035E /* UploadVc.swift */ = {isa = PBXFileReference; lastKnownFileType = sourcecode.swift; path = UploadVc.swift; sourceTree = "<group>"; };
		5E54CB2727B3C644006E035E /* SettingsVC.swift */ = {isa = PBXFileReference; lastKnownFileType = sourcecode.swift; path = SettingsVC.swift; sourceTree = "<group>"; };
		5E54CB2B27B3CA89006E035E /* SnapVC.swift */ = {isa = PBXFileReference; lastKnownFileType = sourcecode.swift; path = SnapVC.swift; sourceTree = "<group>"; };
		5E54CB2E27B44741006E035E /* UserSingleton.swift */ = {isa = PBXFileReference; lastKnownFileType = sourcecode.swift; path = UserSingleton.swift; sourceTree = "<group>"; };
		5E54CB3027B524F9006E035E /* FeedTableCell.swift */ = {isa = PBXFileReference; lastKnownFileType = sourcecode.swift; path = FeedTableCell.swift; sourceTree = "<group>"; };
		5E54CB3227B528D6006E035E /* Snap.swift */ = {isa = PBXFileReference; lastKnownFileType = sourcecode.swift; path = Snap.swift; sourceTree = "<group>"; };
/* End PBXFileReference section */

/* Begin PBXFrameworksBuildPhase section */
		5E54CAF927B308A8006E035E /* Frameworks */ = {
			isa = PBXFrameworksBuildPhase;
			buildActionMask = 2147483647;
			files = (
				5E54CB1E27B31133006E035E /* FirebaseDatabase in Frameworks */,
				5E54CB2027B31133006E035E /* FirebaseFirestore in Frameworks */,
				5E54CB1A27B31133006E035E /* FirebaseAnalytics in Frameworks */,
				5E54CB2227B31133006E035E /* FirebaseStorage in Frameworks */,
				5E54CB1C27B31133006E035E /* FirebaseAuth in Frameworks */,
			);
			runOnlyForDeploymentPostprocessing = 0;
		};
/* End PBXFrameworksBuildPhase section */

/* Begin PBXGroup section */
		5E54CAF327B308A8006E035E = {
			isa = PBXGroup;
			children = (
				5E54CAFE27B308A8006E035E /* SnapChatClone */,
				5E54CAFD27B308A8006E035E /* Products */,
			);
			sourceTree = "<group>";
		};
		5E54CAFD27B308A8006E035E /* Products */ = {
			isa = PBXGroup;
			children = (
				5E54CAFC27B308A8006E035E /* SnapChatClone.app */,
			);
			name = Products;
			sourceTree = "<group>";
		};
		5E54CAFE27B308A8006E035E /* SnapChatClone */ = {
			isa = PBXGroup;
			children = (
				5E54CB2D27B4471B006E035E /* Models */,
				5E54CB2A27B3C6A8006E035E /* Delegates */,
				5E54CB2927B3C65C006E035E /* ViewControllers */,
				5E54CB0527B308A8006E035E /* Main.storyboard */,
				5E54CB0827B308AA006E035E /* Assets.xcassets */,
				5E54CB0A27B308AA006E035E /* LaunchScreen.storyboard */,
				5E54CB0D27B308AA006E035E /* Info.plist */,
				5E54CB1327B309BB006E035E /* GoogleService-Info.plist */,
			);
			path = SnapChatClone;
			sourceTree = "<group>";
		};
		5E54CB2927B3C65C006E035E /* ViewControllers */ = {
			isa = PBXGroup;
			children = (
				5E54CB0327B308A8006E035E /* SignInVC.swift */,
				5E54CB2327B3C624006E035E /* FeedVC.swift */,
				5E54CB2527B3C630006E035E /* UploadVc.swift */,
				5E54CB2727B3C644006E035E /* SettingsVC.swift */,
				5E54CB2B27B3CA89006E035E /* SnapVC.swift */,
				5E54CB3027B524F9006E035E /* FeedTableCell.swift */,
			);
			path = ViewControllers;
			sourceTree = "<group>";
		};
		5E54CB2A27B3C6A8006E035E /* Delegates */ = {
			isa = PBXGroup;
			children = (
				5E54CAFF27B308A8006E035E /* AppDelegate.swift */,
				5E54CB0127B308A8006E035E /* SceneDelegate.swift */,
			);
			path = Delegates;
			sourceTree = "<group>";
		};
		5E54CB2D27B4471B006E035E /* Models */ = {
			isa = PBXGroup;
			children = (
				5E54CB2E27B44741006E035E /* UserSingleton.swift */,
				5E54CB3227B528D6006E035E /* Snap.swift */,
			);
			path = Models;
			sourceTree = "<group>";
		};
/* End PBXGroup section */

/* Begin PBXNativeTarget section */
		5E54CAFB27B308A8006E035E /* SnapChatClone */ = {
			isa = PBXNativeTarget;
			buildConfigurationList = 5E54CB1027B308AA006E035E /* Build configuration list for PBXNativeTarget "SnapChatClone" */;
			buildPhases = (
				5E54CAF827B308A8006E035E /* Sources */,
				5E54CAF927B308A8006E035E /* Frameworks */,
				5E54CAFA27B308A8006E035E /* Resources */,
			);
			buildRules = (
			);
			dependencies = (
			);
			name = SnapChatClone;
			packageProductDependencies = (
				5E54CB1927B31133006E035E /* FirebaseAnalytics */,
				5E54CB1B27B31133006E035E /* FirebaseAuth */,
				5E54CB1D27B31133006E035E /* FirebaseDatabase */,
				5E54CB1F27B31133006E035E /* FirebaseFirestore */,
				5E54CB2127B31133006E035E /* FirebaseStorage */,
			);
			productName = SnapChatClone;
			productReference = 5E54CAFC27B308A8006E035E /* SnapChatClone.app */;
			productType = "com.apple.product-type.application";
		};
/* End PBXNativeTarget section */

/* Begin PBXProject section */
		5E54CAF427B308A8006E035E /* Project object */ = {
			isa = PBXProject;
			attributes = {
				BuildIndependentTargetsInParallel = 1;
				LastSwiftUpdateCheck = 1320;
				LastUpgradeCheck = 1320;
				TargetAttributes = {
					5E54CAFB27B308A8006E035E = {
						CreatedOnToolsVersion = 13.2.1;
					};
				};
			};
			buildConfigurationList = 5E54CAF727B308A8006E035E /* Build configuration list for PBXProject "SnapChatClone" */;
			compatibilityVersion = "Xcode 13.0";
			developmentRegion = en;
			hasScannedForEncodings = 0;
			knownRegions = (
				en,
				Base,
			);
			mainGroup = 5E54CAF327B308A8006E035E;
			packageReferences = (
				5E54CB1827B31133006E035E /* XCRemoteSwiftPackageReference "firebase-ios-sdk" */,
			);
			productRefGroup = 5E54CAFD27B308A8006E035E /* Products */;
			projectDirPath = "";
			projectRoot = "";
			targets = (
				5E54CAFB27B308A8006E035E /* SnapChatClone */,
			);
		};
/* End PBXProject section */

/* Begin PBXResourcesBuildPhase section */
		5E54CAFA27B308A8006E035E /* Resources */ = {
			isa = PBXResourcesBuildPhase;
			buildActionMask = 2147483647;
			files = (
				5E54CB0C27B308AA006E035E /* LaunchScreen.storyboard in Resources */,
				5E54CB1427B309BB006E035E /* GoogleService-Info.plist in Resources */,
				5E54CB0927B308AA006E035E /* Assets.xcassets in Resources */,
				5E54CB0727B308A8006E035E /* Main.storyboard in Resources */,
			);
			runOnlyForDeploymentPostprocessing = 0;
		};
/* End PBXResourcesBuildPhase section */

/* Begin PBXSourcesBuildPhase section */
		5E54CAF827B308A8006E035E /* Sources */ = {
			isa = PBXSourcesBuildPhase;
			buildActionMask = 2147483647;
			files = (
				5E54CB2F27B44741006E035E /* UserSingleton.swift in Sources */,
				5E54CB3327B528D6006E035E /* Snap.swift in Sources */,
				5E54CB2427B3C624006E035E /* FeedVC.swift in Sources */,
				5E54CB0427B308A8006E035E /* SignInVC.swift in Sources */,
				5E54CB0027B308A8006E035E /* AppDelegate.swift in Sources */,
				5E54CB3127B524F9006E035E /* FeedTableCell.swift in Sources */,
				5E54CB2627B3C630006E035E /* UploadVc.swift in Sources */,
				5E54CB2C27B3CA89006E035E /* SnapVC.swift in Sources */,
				5E54CB0227B308A8006E035E /* SceneDelegate.swift in Sources */,
				5E54CB2827B3C644006E035E /* SettingsVC.swift in Sources */,
			);
			runOnlyForDeploymentPostprocessing = 0;
		};
/* End PBXSourcesBuildPhase section */

/* Begin PBXVariantGroup section */
		5E54CB0527B308A8006E035E /* Main.storyboard */ = {
			isa = PBXVariantGroup;
			children = (
				5E54CB0627B308A8006E035E /* Base */,
			);
			name = Main.storyboard;
			sourceTree = "<group>";
		};
		5E54CB0A27B308AA006E035E /* LaunchScreen.storyboard */ = {
			isa = PBXVariantGroup;
			children = (
				5E54CB0B27B308AA006E035E /* Base */,
			);
			name = LaunchScreen.storyboard;
			sourceTree = "<group>";
		};
/* End PBXVariantGroup section */

/* Begin XCBuildConfiguration section */
		5E54CB0E27B308AA006E035E /* Debug */ = {
			isa = XCBuildConfiguration;
			buildSettings = {
				ALWAYS_SEARCH_USER_PATHS = NO;
				CLANG_ANALYZER_NONNULL = YES;
				CLANG_ANALYZER_NUMBER_OBJECT_CONVERSION = YES_AGGRESSIVE;
				CLANG_CXX_LANGUAGE_STANDARD = "gnu++17";
				CLANG_CXX_LIBRARY = "libc++";
				CLANG_ENABLE_MODULES = YES;
				CLANG_ENABLE_OBJC_ARC = YES;
				CLANG_ENABLE_OBJC_WEAK = YES;
				CLANG_WARN_BLOCK_CAPTURE_AUTORELEASING = YES;
				CLANG_WARN_BOOL_CONVERSION = YES;
				CLANG_WARN_COMMA = YES;
				CLANG_WARN_CONSTANT_CONVERSION = YES;
				CLANG_WARN_DEPRECATED_OBJC_IMPLEMENTATIONS = YES;
				CLANG_WARN_DIRECT_OBJC_ISA_USAGE = YES_ERROR;
				CLANG_WARN_DOCUMENTATION_COMMENTS = YES;
				CLANG_WARN_EMPTY_BODY = YES;
				CLANG_WARN_ENUM_CONVERSION = YES;
				CLANG_WARN_INFINITE_RECURSION = YES;
				CLANG_WARN_INT_CONVERSION = YES;
				CLANG_WARN_NON_LITERAL_NULL_CONVERSION = YES;
				CLANG_WARN_OBJC_IMPLICIT_RETAIN_SELF = YES;
				CLANG_WARN_OBJC_LITERAL_CONVERSION = YES;
				CLANG_WARN_OBJC_ROOT_CLASS = YES_ERROR;
				CLANG_WARN_QUOTED_INCLUDE_IN_FRAMEWORK_HEADER = YES;
				CLANG_WARN_RANGE_LOOP_ANALYSIS = YES;
				CLANG_WARN_STRICT_PROTOTYPES = YES;
				CLANG_WARN_SUSPICIOUS_MOVE = YES;
				CLANG_WARN_UNGUARDED_AVAILABILITY = YES_AGGRESSIVE;
				CLANG_WARN_UNREACHABLE_CODE = YES;
				CLANG_WARN__DUPLICATE_METHOD_MATCH = YES;
				COPY_PHASE_STRIP = NO;
				DEBUG_INFORMATION_FORMAT = dwarf;
				ENABLE_STRICT_OBJC_MSGSEND = YES;
				ENABLE_TESTABILITY = YES;
				GCC_C_LANGUAGE_STANDARD = gnu11;
				GCC_DYNAMIC_NO_PIC = NO;
				GCC_NO_COMMON_BLOCKS = YES;
				GCC_OPTIMIZATION_LEVEL = 0;
				GCC_PREPROCESSOR_DEFINITIONS = (
					"DEBUG=1",
					"$(inherited)",
				);
				GCC_WARN_64_TO_32_BIT_CONVERSION = YES;
				GCC_WARN_ABOUT_RETURN_TYPE = YES_ERROR;
				GCC_WARN_UNDECLARED_SELECTOR = YES;
				GCC_WARN_UNINITIALIZED_AUTOS = YES_AGGRESSIVE;
				GCC_WARN_UNUSED_FUNCTION = YES;
				GCC_WARN_UNUSED_VARIABLE = YES;
				IPHONEOS_DEPLOYMENT_TARGET = 15.2;
				MTL_ENABLE_DEBUG_INFO = INCLUDE_SOURCE;
				MTL_FAST_MATH = YES;
				ONLY_ACTIVE_ARCH = YES;
				SDKROOT = iphoneos;
				SWIFT_ACTIVE_COMPILATION_CONDITIONS = DEBUG;
				SWIFT_OPTIMIZATION_LEVEL = "-Onone";
			};
			name = Debug;
		};
		5E54CB0F27B308AA006E035E /* Release */ = {
			isa = XCBuildConfiguration;
			buildSettings = {
				ALWAYS_SEARCH_USER_PATHS = NO;
				CLANG_ANALYZER_NONNULL = YES;
				CLANG_ANALYZER_NUMBER_OBJECT_CONVERSION = YES_AGGRESSIVE;
				CLANG_CXX_LANGUAGE_STANDARD = "gnu++17";
				CLANG_CXX_LIBRARY = "libc++";
				CLANG_ENABLE_MODULES = YES;
				CLANG_ENABLE_OBJC_ARC = YES;
				CLANG_ENABLE_OBJC_WEAK = YES;
				CLANG_WARN_BLOCK_CAPTURE_AUTORELEASING = YES;
				CLANG_WARN_BOOL_CONVERSION = YES;
				CLANG_WARN_COMMA = YES;
				CLANG_WARN_CONSTANT_CONVERSION = YES;
				CLANG_WARN_DEPRECATED_OBJC_IMPLEMENTATIONS = YES;
				CLANG_WARN_DIRECT_OBJC_ISA_USAGE = YES_ERROR;
				CLANG_WARN_DOCUMENTATION_COMMENTS = YES;
				CLANG_WARN_EMPTY_BODY = YES;
				CLANG_WARN_ENUM_CONVERSION = YES;
				CLANG_WARN_INFINITE_RECURSION = YES;
				CLANG_WARN_INT_CONVERSION = YES;
				CLANG_WARN_NON_LITERAL_NULL_CONVERSION = YES;
				CLANG_WARN_OBJC_IMPLICIT_RETAIN_SELF = YES;
				CLANG_WARN_OBJC_LITERAL_CONVERSION = YES;
				CLANG_WARN_OBJC_ROOT_CLASS = YES_ERROR;
				CLANG_WARN_QUOTED_INCLUDE_IN_FRAMEWORK_HEADER = YES;
				CLANG_WARN_RANGE_LOOP_ANALYSIS = YES;
				CLANG_WARN_STRICT_PROTOTYPES = YES;
				CLANG_WARN_SUSPICIOUS_MOVE = YES;
				CLANG_WARN_UNGUARDED_AVAILABILITY = YES_AGGRESSIVE;
				CLANG_WARN_UNREACHABLE_CODE = YES;
				CLANG_WARN__DUPLICATE_METHOD_MATCH = YES;
				COPY_PHASE_STRIP = NO;
				DEBUG_INFORMATION_FORMAT = "dwarf-with-dsym";
				ENABLE_NS_ASSERTIONS = NO;
				ENABLE_STRICT_OBJC_MSGSEND = YES;
				GCC_C_LANGUAGE_STANDARD = gnu11;
				GCC_NO_COMMON_BLOCKS = YES;
				GCC_WARN_64_TO_32_BIT_CONVERSION = YES;
				GCC_WARN_ABOUT_RETURN_TYPE = YES_ERROR;
				GCC_WARN_UNDECLARED_SELECTOR = YES;
				GCC_WARN_UNINITIALIZED_AUTOS = YES_AGGRESSIVE;
				GCC_WARN_UNUSED_FUNCTION = YES;
				GCC_WARN_UNUSED_VARIABLE = YES;
				IPHONEOS_DEPLOYMENT_TARGET = 15.2;
				MTL_ENABLE_DEBUG_INFO = NO;
				MTL_FAST_MATH = YES;
				SDKROOT = iphoneos;
				SWIFT_COMPILATION_MODE = wholemodule;
				SWIFT_OPTIMIZATION_LEVEL = "-O";
				VALIDATE_PRODUCT = YES;
			};
			name = Release;
		};
		5E54CB1127B308AA006E035E /* Debug */ = {
			isa = XCBuildConfiguration;
			buildSettings = {
				ASSETCATALOG_COMPILER_APPICON_NAME = AppIcon;
				ASSETCATALOG_COMPILER_GLOBAL_ACCENT_COLOR_NAME = AccentColor;
				CODE_SIGN_STYLE = Automatic;
				CURRENT_PROJECT_VERSION = 1;
				DEVELOPMENT_TEAM = SS2CH8F6CH;
				GENERATE_INFOPLIST_FILE = YES;
				INFOPLIST_FILE = SnapChatClone/Info.plist;
				INFOPLIST_KEY_UIApplicationSupportsIndirectInputEvents = YES;
				INFOPLIST_KEY_UILaunchStoryboardName = LaunchScreen;
				INFOPLIST_KEY_UIMainStoryboardFile = Main;
				INFOPLIST_KEY_UISupportedInterfaceOrientations_iPad = "UIInterfaceOrientationPortrait UIInterfaceOrientationPortraitUpsideDown UIInterfaceOrientationLandscapeLeft UIInterfaceOrientationLandscapeRight";
				INFOPLIST_KEY_UISupportedInterfaceOrientations_iPhone = "UIInterfaceOrientationPortrait UIInterfaceOrientationLandscapeLeft UIInterfaceOrientationLandscapeRight";
				LD_RUNPATH_SEARCH_PATHS = (
					"$(inherited)",
					"@executable_path/Frameworks",
				);
				MARKETING_VERSION = 1.0;
				PRODUCT_BUNDLE_IDENTIFIER = com.hamitseyrek.SnapChatClone;
				PRODUCT_NAME = "$(TARGET_NAME)";
				SWIFT_EMIT_LOC_STRINGS = YES;
				SWIFT_VERSION = 5.0;
				TARGETED_DEVICE_FAMILY = "1,2";
			};
			name = Debug;
		};
		5E54CB1227B308AA006E035E /* Release */ = {
			isa = XCBuildConfiguration;
			buildSettings = {
				ASSETCATALOG_COMPILER_APPICON_NAME = AppIcon;
				ASSETCATALOG_COMPILER_GLOBAL_ACCENT_COLOR_NAME = AccentColor;
				CODE_SIGN_STYLE = Automatic;
				CURRENT_PROJECT_VERSION = 1;
				DEVELOPMENT_TEAM = SS2CH8F6CH;
				GENERATE_INFOPLIST_FILE = YES;
				INFOPLIST_FILE = SnapChatClone/Info.plist;
				INFOPLIST_KEY_UIApplicationSupportsIndirectInputEvents = YES;
				INFOPLIST_KEY_UILaunchStoryboardName = LaunchScreen;
				INFOPLIST_KEY_UIMainStoryboardFile = Main;
				INFOPLIST_KEY_UISupportedInterfaceOrientations_iPad = "UIInterfaceOrientationPortrait UIInterfaceOrientationPortraitUpsideDown UIInterfaceOrientationLandscapeLeft UIInterfaceOrientationLandscapeRight";
				INFOPLIST_KEY_UISupportedInterfaceOrientations_iPhone = "UIInterfaceOrientationPortrait UIInterfaceOrientationLandscapeLeft UIInterfaceOrientationLandscapeRight";
				LD_RUNPATH_SEARCH_PATHS = (
					"$(inherited)",
					"@executable_path/Frameworks",
				);
				MARKETING_VERSION = 1.0;
				PRODUCT_BUNDLE_IDENTIFIER = com.hamitseyrek.SnapChatClone;
				PRODUCT_NAME = "$(TARGET_NAME)";
				SWIFT_EMIT_LOC_STRINGS = YES;
				SWIFT_VERSION = 5.0;
				TARGETED_DEVICE_FAMILY = "1,2";
			};
			name = Release;
		};
/* End XCBuildConfiguration section */

/* Begin XCConfigurationList section */
		5E54CAF727B308A8006E035E /* Build configuration list for PBXProject "SnapChatClone" */ = {
			isa = XCConfigurationList;
			buildConfigurations = (
				5E54CB0E27B308AA006E035E /* Debug */,
				5E54CB0F27B308AA006E035E /* Release */,
			);
			defaultConfigurationIsVisible = 0;
			defaultConfigurationName = Release;
		};
		5E54CB1027B308AA006E035E /* Build configuration list for PBXNativeTarget "SnapChatClone" */ = {
			isa = XCConfigurationList;
			buildConfigurations = (
				5E54CB1127B308AA006E035E /* Debug */,
				5E54CB1227B308AA006E035E /* Release */,
			);
			defaultConfigurationIsVisible = 0;
			defaultConfigurationName = Release;
		};
/* End XCConfigurationList section */

/* Begin XCRemoteSwiftPackageReference section */
		5E54CB1827B31133006E035E /* XCRemoteSwiftPackageReference "firebase-ios-sdk" */ = {
			isa = XCRemoteSwiftPackageReference;
			repositoryURL = "https://github.com/firebase/firebase-ios-sdk";
			requirement = {
				kind = upToNextMajorVersion;
				minimumVersion = 8.0.0;
			};
		};
/* End XCRemoteSwiftPackageReference section */

/* Begin XCSwiftPackageProductDependency section */
		5E54CB1927B31133006E035E /* FirebaseAnalytics */ = {
			isa = XCSwiftPackageProductDependency;
			package = 5E54CB1827B31133006E035E /* XCRemoteSwiftPackageReference "firebase-ios-sdk" */;
			productName = FirebaseAnalytics;
		};
		5E54CB1B27B31133006E035E /* FirebaseAuth */ = {
			isa = XCSwiftPackageProductDependency;
			package = 5E54CB1827B31133006E035E /* XCRemoteSwiftPackageReference "firebase-ios-sdk" */;
			productName = FirebaseAuth;
		};
		5E54CB1D27B31133006E035E /* FirebaseDatabase */ = {
			isa = XCSwiftPackageProductDependency;
			package = 5E54CB1827B31133006E035E /* XCRemoteSwiftPackageReference "firebase-ios-sdk" */;
			productName = FirebaseDatabase;
		};
		5E54CB1F27B31133006E035E /* FirebaseFirestore */ = {
			isa = XCSwiftPackageProductDependency;
			package = 5E54CB1827B31133006E035E /* XCRemoteSwiftPackageReference "firebase-ios-sdk" */;
			productName = FirebaseFirestore;
		};
		5E54CB2127B31133006E035E /* FirebaseStorage */ = {
			isa = XCSwiftPackageProductDependency;
			package = 5E54CB1827B31133006E035E /* XCRemoteSwiftPackageReference "firebase-ios-sdk" */;
			productName = FirebaseStorage;
		};
/* End XCSwiftPackageProductDependency section */
	};
	rootObject = 5E54CAF427B308A8006E035E /* Project object */;
}
